// !$*UTF8*$!
{
	archiveVersion = 1;
	classes = {
	};
	objectVersion = 46;
	objects = {

/* Begin PBXBuildFile section */
		E156B97A1F825890005BE565 /* AppDelegate.swift in Sources */ = {isa = PBXBuildFile; fileRef = E156B9791F825890005BE565 /* AppDelegate.swift */; };
		E156B97C1F825890005BE565 /* ViewController.swift in Sources */ = {isa = PBXBuildFile; fileRef = E156B97B1F825890005BE565 /* ViewController.swift */; };
		E156B97F1F825890005BE565 /* Main.storyboard in Resources */ = {isa = PBXBuildFile; fileRef = E156B97D1F825890005BE565 /* Main.storyboard */; };
		E156B9811F825890005BE565 /* Assets.xcassets in Resources */ = {isa = PBXBuildFile; fileRef = E156B9801F825890005BE565 /* Assets.xcassets */; };
		E156B9841F825890005BE565 /* LaunchScreen.storyboard in Resources */ = {isa = PBXBuildFile; fileRef = E156B9821F825890005BE565 /* LaunchScreen.storyboard */; };
		E156B98F1F825890005BE565 /* SecondKadaiAppTests.swift in Sources */ = {isa = PBXBuildFile; fileRef = E156B98E1F825890005BE565 /* SecondKadaiAppTests.swift */; };
		E156B99A1F825890005BE565 /* SecondKadaiAppUITests.swift in Sources */ = {isa = PBXBuildFile; fileRef = E156B9991F825890005BE565 /* SecondKadaiAppUITests.swift */; };
/* End PBXBuildFile section */

/* Begin PBXContainerItemProxy section */
		E156B98B1F825890005BE565 /* PBXContainerItemProxy */ = {
			isa = PBXContainerItemProxy;
			containerPortal = E156B96E1F825890005BE565 /* Project object */;
			proxyType = 1;
			remoteGlobalIDString = E156B9751F825890005BE565;
			remoteInfo = SecondKadaiApp;
		};
		E156B9961F825890005BE565 /* PBXContainerItemProxy */ = {
			isa = PBXContainerItemProxy;
			containerPortal = E156B96E1F825890005BE565 /* Project object */;
			proxyType = 1;
			remoteGlobalIDString = E156B9751F825890005BE565;
			remoteInfo = SecondKadaiApp;
		};
/* End PBXContainerItemProxy section */

/* Begin PBXFileReference section */
		E156B9761F825890005BE565 /* SecondKadaiApp.app */ = {isa = PBXFileReference; explicitFileType = wrapper.application; includeInIndex = 0; path = SecondKadaiApp.app; sourceTree = BUILT_PRODUCTS_DIR; };
		E156B9791F825890005BE565 /* AppDelegate.swift */ = {isa = PBXFileReference; lastKnownFileType = sourcecode.swift; path = AppDelegate.swift; sourceTree = "<group>"; };
		E156B97B1F825890005BE565 /* ViewController.swift */ = {isa = PBXFileReference; lastKnownFileType = sourcecode.swift; path = ViewController.swift; sourceTree = "<group>"; };
		E156B97E1F825890005BE565 /* Base */ = {isa = PBXFileReference; lastKnownFileType = file.storyboard; name = Base; path = Base.lproj/Main.storyboard; sourceTree = "<group>"; };
		E156B9801F825890005BE565 /* Assets.xcassets */ = {isa = PBXFileReference; lastKnownFileType = folder.assetcatalog; path = Assets.xcassets; sourceTree = "<group>"; };
		E156B9831F825890005BE565 /* Base */ = {isa = PBXFileReference; lastKnownFileType = file.storyboard; name = Base; path = Base.lproj/LaunchScreen.storyboard; sourceTree = "<group>"; };
		E156B9851F825890005BE565 /* Info.plist */ = {isa = PBXFileReference; lastKnownFileType = text.plist.xml; path = Info.plist; sourceTree = "<group>"; };
		E156B98A1F825890005BE565 /* SecondKadaiAppTests.xctest */ = {isa = PBXFileReference; explicitFileType = wrapper.cfbundle; includeInIndex = 0; path = SecondKadaiAppTests.xctest; sourceTree = BUILT_PRODUCTS_DIR; };
		E156B98E1F825890005BE565 /* SecondKadaiAppTests.swift */ = {isa = PBXFileReference; lastKnownFileType = sourcecode.swift; path = SecondKadaiAppTests.swift; sourceTree = "<group>"; };
		E156B9901F825890005BE565 /* Info.plist */ = {isa = PBXFileReference; lastKnownFileType = text.plist.xml; path = Info.plist; sourceTree = "<group>"; };
		E156B9951F825890005BE565 /* SecondKadaiAppUITests.xctest */ = {isa = PBXFileReference; explicitFileType = wrapper.cfbundle; includeInIndex = 0; path = SecondKadaiAppUITests.xctest; sourceTree = BUILT_PRODUCTS_DIR; };
		E156B9991F825890005BE565 /* SecondKadaiAppUITests.swift */ = {isa = PBXFileReference; lastKnownFileType = sourcecode.swift; path = SecondKadaiAppUITests.swift; sourceTree = "<group>"; };
		E156B99B1F825890005BE565 /* Info.plist */ = {isa = PBXFileReference; lastKnownFileType = text.plist.xml; path = Info.plist; sourceTree = "<group>"; };
/* End PBXFileReference section */

/* Begin PBXFrameworksBuildPhase section */
		E156B9731F825890005BE565 /* Frameworks */ = {
			isa = PBXFrameworksBuildPhase;
			buildActionMask = 2147483647;
			files = (
			);
			runOnlyForDeploymentPostprocessing = 0;
		};
		E156B9871F825890005BE565 /* Frameworks */ = {
			isa = PBXFrameworksBuildPhase;
			buildActionMask = 2147483647;
			files = (
			);
			runOnlyForDeploymentPostprocessing = 0;
		};
		E156B9921F825890005BE565 /* Frameworks */ = {
			isa = PBXFrameworksBuildPhase;
			buildActionMask = 2147483647;
			files = (
			);
			runOnlyForDeploymentPostprocessing = 0;
		};
/* End PBXFrameworksBuildPhase section */

/* Begin PBXGroup section */
		E156B96D1F825890005BE565 = {
			isa = PBXGroup;
			children = (
				E156B9781F825890005BE565 /* SecondKadaiApp */,
				E156B98D1F825890005BE565 /* SecondKadaiAppTests */,
				E156B9981F825890005BE565 /* SecondKadaiAppUITests */,
				E156B9771F825890005BE565 /* Products */,
			);
			sourceTree = "<group>";
		};
		E156B9771F825890005BE565 /* Products */ = {
			isa = PBXGroup;
			children = (
				E156B9761F825890005BE565 /* SecondKadaiApp.app */,
				E156B98A1F825890005BE565 /* SecondKadaiAppTests.xctest */,
				E156B9951F825890005BE565 /* SecondKadaiAppUITests.xctest */,
			);
			name = Products;
			sourceTree = "<group>";
		};
		E156B9781F825890005BE565 /* SecondKadaiApp */ = {
			isa = PBXGroup;
			children = (
				E156B9791F825890005BE565 /* AppDelegate.swift */,
				E156B97B1F825890005BE565 /* ViewController.swift */,
				E156B97D1F825890005BE565 /* Main.storyboard */,
				E156B9801F825890005BE565 /* Assets.xcassets */,
				E156B9821F825890005BE565 /* LaunchScreen.storyboard */,
				E156B9851F825890005BE565 /* Info.plist */,
			);
			path = SecondKadaiApp;
			sourceTree = "<group>";
		};
		E156B98D1F825890005BE565 /* SecondKadaiAppTests */ = {
			isa = PBXGroup;
			children = (
				E156B98E1F825890005BE565 /* SecondKadaiAppTests.swift */,
				E156B9901F825890005BE565 /* Info.plist */,
			);
			path = SecondKadaiAppTests;
			sourceTree = "<group>";
		};
		E156B9981F825890005BE565 /* SecondKadaiAppUITests */ = {
			isa = PBXGroup;
			children = (
				E156B9991F825890005BE565 /* SecondKadaiAppUITests.swift */,
				E156B99B1F825890005BE565 /* Info.plist */,
			);
			path = SecondKadaiAppUITests;
			sourceTree = "<group>";
		};
/* End PBXGroup section */

/* Begin PBXNativeTarget section */
		E156B9751F825890005BE565 /* SecondKadaiApp */ = {
			isa = PBXNativeTarget;
			buildConfigurationList = E156B99E1F825890005BE565 /* Build configuration list for PBXNativeTarget "SecondKadaiApp" */;
			buildPhases = (
				E156B9721F825890005BE565 /* Sources */,
				E156B9731F825890005BE565 /* Frameworks */,
				E156B9741F825890005BE565 /* Resources */,
			);
			buildRules = (
			);
			dependencies = (
			);
			name = SecondKadaiApp;
			productName = SecondKadaiApp;
			productReference = E156B9761F825890005BE565 /* SecondKadaiApp.app */;
			productType = "com.apple.product-type.application";
		};
		E156B9891F825890005BE565 /* SecondKadaiAppTests */ = {
			isa = PBXNativeTarget;
			buildConfigurationList = E156B9A11F825890005BE565 /* Build configuration list for PBXNativeTarget "SecondKadaiAppTests" */;
			buildPhases = (
				E156B9861F825890005BE565 /* Sources */,
				E156B9871F825890005BE565 /* Frameworks */,
				E156B9881F825890005BE565 /* Resources */,
			);
			buildRules = (
			);
			dependencies = (
				E156B98C1F825890005BE565 /* PBXTargetDependency */,
			);
			name = SecondKadaiAppTests;
			productName = SecondKadaiAppTests;
			productReference = E156B98A1F825890005BE565 /* SecondKadaiAppTests.xctest */;
			productType = "com.apple.product-type.bundle.unit-test";
		};
		E156B9941F825890005BE565 /* SecondKadaiAppUITests */ = {
			isa = PBXNativeTarget;
			buildConfigurationList = E156B9A41F825890005BE565 /* Build configuration list for PBXNativeTarget "SecondKadaiAppUITests" */;
			buildPhases = (
				E156B9911F825890005BE565 /* Sources */,
				E156B9921F825890005BE565 /* Frameworks */,
				E156B9931F825890005BE565 /* Resources */,
			);
			buildRules = (
			);
			dependencies = (
				E156B9971F825890005BE565 /* PBXTargetDependency */,
			);
			name = SecondKadaiAppUITests;
			productName = SecondKadaiAppUITests;
			productReference = E156B9951F825890005BE565 /* SecondKadaiAppUITests.xctest */;
			productType = "com.apple.product-type.bundle.ui-testing";
		};
/* End PBXNativeTarget section */

/* Begin PBXProject section */
		E156B96E1F825890005BE565 /* Project object */ = {
			isa = PBXProject;
			attributes = {
				LastSwiftUpdateCheck = 0830;
				LastUpgradeCheck = 0830;
				ORGANIZATIONNAME = "濱田 一";
				TargetAttributes = {
					E156B9751F825890005BE565 = {
						CreatedOnToolsVersion = 8.3.3;
						DevelopmentTeam = MR965626L4;
						ProvisioningStyle = Automatic;
					};
					E156B9891F825890005BE565 = {
						CreatedOnToolsVersion = 8.3.3;
						DevelopmentTeam = MR965626L4;
						ProvisioningStyle = Automatic;
						TestTargetID = E156B9751F825890005BE565;
					};
					E156B9941F825890005BE565 = {
						CreatedOnToolsVersion = 8.3.3;
						DevelopmentTeam = MR965626L4;
						ProvisioningStyle = Automatic;
						TestTargetID = E156B9751F825890005BE565;
					};
				};
			};
			buildConfigurationList = E156B9711F825890005BE565 /* Build configuration list for PBXProject "SecondKadaiApp" */;
			compatibilityVersion = "Xcode 3.2";
			developmentRegion = English;
			hasScannedForEncodings = 0;
			knownRegions = (
				en,
				Base,
			);
			mainGroup = E156B96D1F825890005BE565;
			productRefGroup = E156B9771F825890005BE565 /* Products */;
			projectDirPath = "";
			projectRoot = "";
			targets = (
				E156B9751F825890005BE565 /* SecondKadaiApp */,
				E156B9891F825890005BE565 /* SecondKadaiAppTests */,
				E156B9941F825890005BE565 /* SecondKadaiAppUITests */,
			);
		};
/* End PBXProject section */

/* Begin PBXResourcesBuildPhase section */
		E156B9741F825890005BE565 /* Resources */ = {
			isa = PBXResourcesBuildPhase;
			buildActionMask = 2147483647;
			files = (
				E156B9841F825890005BE565 /* LaunchScreen.storyboard in Resources */,
				E156B9811F825890005BE565 /* Assets.xcassets in Resources */,
				E156B97F1F825890005BE565 /* Main.storyboard in Resources */,
			);
			runOnlyForDeploymentPostprocessing = 0;
		};
		E156B9881F825890005BE565 /* Resources */ = {
			isa = PBXResourcesBuildPhase;
			buildActionMask = 2147483647;
			files = (
			);
			runOnlyForDeploymentPostprocessing = 0;
		};
		E156B9931F825890005BE565 /* Resources */ = {
			isa = PBXResourcesBuildPhase;
			buildActionMask = 2147483647;
			files = (
			);
			runOnlyForDeploymentPostprocessing = 0;
		};
/* End PBXResourcesBuildPhase section */

/* Begin PBXSourcesBuildPhase section */
		E156B9721F825890005BE565 /* Sources */ = {
			isa = PBXSourcesBuildPhase;
			buildActionMask = 2147483647;
			files = (
				E156B97C1F825890005BE565 /* ViewController.swift in Sources */,
				E156B97A1F825890005BE565 /* AppDelegate.swift in Sources */,
			);
			runOnlyForDeploymentPostprocessing = 0;
		};
		E156B9861F825890005BE565 /* Sources */ = {
			isa = PBXSourcesBuildPhase;
			buildActionMask = 2147483647;
			files = (
				E156B98F1F825890005BE565 /* SecondKadaiAppTests.swift in Sources */,
			);
			runOnlyForDeploymentPostprocessing = 0;
		};
		E156B9911F825890005BE565 /* Sources */ = {
			isa = PBXSourcesBuildPhase;
			buildActionMask = 2147483647;
			files = (
				E156B99A1F825890005BE565 /* SecondKadaiAppUITests.swift in Sources */,
			);
			runOnlyForDeploymentPostprocessing = 0;
		};
/* End PBXSourcesBuildPhase section */

/* Begin PBXTargetDependency section */
		E156B98C1F825890005BE565 /* PBXTargetDependency */ = {
			isa = PBXTargetDependency;
			target = E156B9751F825890005BE565 /* SecondKadaiApp */;
			targetProxy = E156B98B1F825890005BE565 /* PBXContainerItemProxy */;
		};
		E156B9971F825890005BE565 /* PBXTargetDependency */ = {
			isa = PBXTargetDependency;
			target = E156B9751F825890005BE565 /* SecondKadaiApp */;
			targetProxy = E156B9961F825890005BE565 /* PBXContainerItemProxy */;
		};
/* End PBXTargetDependency section */

/* Begin PBXVariantGroup section */
		E156B97D1F825890005BE565 /* Main.storyboard */ = {
			isa = PBXVariantGroup;
			children = (
				E156B97E1F825890005BE565 /* Base */,
			);
			name = Main.storyboard;
			sourceTree = "<group>";
		};
		E156B9821F825890005BE565 /* LaunchScreen.storyboard */ = {
			isa = PBXVariantGroup;
			children = (
				E156B9831F825890005BE565 /* Base */,
			);
			name = LaunchScreen.storyboard;
			sourceTree = "<group>";
		};
/* End PBXVariantGroup section */

/* Begin XCBuildConfiguration section */
		E156B99C1F825890005BE565 /* Debug */ = {
			isa = XCBuildConfiguration;
			buildSettings = {
				ALWAYS_SEARCH_USER_PATHS = NO;
				CLANG_ANALYZER_NONNULL = YES;
				CLANG_ANALYZER_NUMBER_OBJECT_CONVERSION = YES_AGGRESSIVE;
				CLANG_CXX_LANGUAGE_STANDARD = "gnu++0x";
				CLANG_CXX_LIBRARY = "libc++";
				CLANG_ENABLE_MODULES = YES;
				CLANG_ENABLE_OBJC_ARC = YES;
				CLANG_WARN_BOOL_CONVERSION = YES;
				CLANG_WARN_CONSTANT_CONVERSION = YES;
				CLANG_WARN_DIRECT_OBJC_ISA_USAGE = YES_ERROR;
				CLANG_WARN_DOCUMENTATION_COMMENTS = YES;
				CLANG_WARN_EMPTY_BODY = YES;
				CLANG_WARN_ENUM_CONVERSION = YES;
				CLANG_WARN_INFINITE_RECURSION = YES;
				CLANG_WARN_INT_CONVERSION = YES;
				CLANG_WARN_OBJC_ROOT_CLASS = YES_ERROR;
				CLANG_WARN_SUSPICIOUS_MOVE = YES;
				CLANG_WARN_UNREACHABLE_CODE = YES;
				CLANG_WARN__DUPLICATE_METHOD_MATCH = YES;
				"CODE_SIGN_IDENTITY[sdk=iphoneos*]" = "iPhone Developer";
				COPY_PHASE_STRIP = NO;
				DEBUG_INFORMATION_FORMAT = dwarf;
				ENABLE_STRICT_OBJC_MSGSEND = YES;
				ENABLE_TESTABILITY = YES;
				GCC_C_LANGUAGE_STANDARD = gnu99;
				GCC_DYNAMIC_NO_PIC = NO;
				GCC_NO_COMMON_BLOCKS = YES;
				GCC_OPTIMIZATION_LEVEL = 0;
				GCC_PREPROCESSOR_DEFINITIONS = (
					"DEBUG=1",
					"$(inherited)",
				);
				GCC_WARN_64_TO_32_BIT_CONVERSION = YES;
				GCC_WARN_ABOUT_RETURN_TYPE = YES_ERROR;
				GCC_WARN_UNDECLARED_SELECTOR = YES;
				GCC_WARN_UNINITIALIZED_AUTOS = YES_AGGRESSIVE;
				GCC_WARN_UNUSED_FUNCTION = YES;
				GCC_WARN_UNUSED_VARIABLE = YES;
				IPHONEOS_DEPLOYMENT_TARGET = 10.3;
				MTL_ENABLE_DEBUG_INFO = YES;
				ONLY_ACTIVE_ARCH = YES;
				SDKROOT = iphoneos;
				SWIFT_ACTIVE_COMPILATION_CONDITIONS = DEBUG;
				SWIFT_OPTIMIZATION_LEVEL = "-Onone";
			};
			name = Debug;
		};
		E156B99D1F825890005BE565 /* Release */ = {
			isa = XCBuildConfiguration;
			buildSettings = {
				ALWAYS_SEARCH_USER_PATHS = NO;
				CLANG_ANALYZER_NONNULL = YES;
				CLANG_ANALYZER_NUMBER_OBJECT_CONVERSION = YES_AGGRESSIVE;
				CLANG_CXX_LANGUAGE_STANDARD = "gnu++0x";
				CLANG_CXX_LIBRARY = "libc++";
				CLANG_ENABLE_MODULES = YES;
				CLANG_ENABLE_OBJC_ARC = YES;
				CLANG_WARN_BOOL_CONVERSION = YES;
				CLANG_WARN_CONSTANT_CONVERSION = YES;
				CLANG_WARN_DIRECT_OBJC_ISA_USAGE = YES_ERROR;
				CLANG_WARN_DOCUMENTATION_COMMENTS = YES;
				CLANG_WARN_EMPTY_BODY = YES;
				CLANG_WARN_ENUM_CONVERSION = YES;
				CLANG_WARN_INFINITE_RECURSION = YES;
				CLANG_WARN_INT_CONVERSION = YES;
				CLANG_WARN_OBJC_ROOT_CLASS = YES_ERROR;
				CLANG_WARN_SUSPICIOUS_MOVE = YES;
				CLANG_WARN_UNREACHABLE_CODE = YES;
				CLANG_WARN__DUPLICATE_METHOD_MATCH = YES;
				"CODE_SIGN_IDENTITY[sdk=iphoneos*]" = "iPhone Developer";
				COPY_PHASE_STRIP = NO;
				DEBUG_INFORMATION_FORMAT = "dwarf-with-dsym";
				ENABLE_NS_ASSERTIONS = NO;
				ENABLE_STRICT_OBJC_MSGSEND = YES;
				GCC_C_LANGUAGE_STANDARD = gnu99;
				GCC_NO_COMMON_BLOCKS = YES;
				GCC_WARN_64_TO_32_BIT_CONVERSION = YES;
				GCC_WARN_ABOUT_RETURN_TYPE = YES_ERROR;
				GCC_WARN_UNDECLARED_SELECTOR = YES;
				GCC_WARN_UNINITIALIZED_AUTOS = YES_AGGRESSIVE;
				GCC_WARN_UNUSED_FUNCTION = YES;
				GCC_WARN_UNUSED_VARIABLE = YES;
				IPHONEOS_DEPLOYMENT_TARGET = 10.3;
				MTL_ENABLE_DEBUG_INFO = NO;
				SDKROOT = iphoneos;
				SWIFT_OPTIMIZATION_LEVEL = "-Owholemodule";
				VALIDATE_PRODUCT = YES;
			};
			name = Release;
		};
		E156B99F1F825890005BE565 /* Debug */ = {
			isa = XCBuildConfiguration;
			buildSettings = {
				ASSETCATALOG_COMPILER_APPICON_NAME = AppIcon;
				DEVELOPMENT_TEAM = MR965626L4;
				INFOPLIST_FILE = SecondKadaiApp/Info.plist;
				LD_RUNPATH_SEARCH_PATHS = "$(inherited) @executable_path/Frameworks";
				PRODUCT_BUNDLE_IDENTIFIER = jp.dip.hamahoshi.SecondKadaiApp;
				PRODUCT_NAME = "$(TARGET_NAME)";
				SWIFT_VERSION = 3.0;
			};
			name = Debug;
		};
		E156B9A01F825890005BE565 /* Release */ = {
			isa = XCBuildConfiguration;
			buildSettings = {
				ASSETCATALOG_COMPILER_APPICON_NAME = AppIcon;
				DEVELOPMENT_TEAM = MR965626L4;
				INFOPLIST_FILE = SecondKadaiApp/Info.plist;
				LD_RUNPATH_SEARCH_PATHS = "$(inherited) @executable_path/Frameworks";
				PRODUCT_BUNDLE_IDENTIFIER = jp.dip.hamahoshi.SecondKadaiApp;
				PRODUCT_NAME = "$(TARGET_NAME)";
				SWIFT_VERSION = 3.0;
			};
			name = Release;
		};
		E156B9A21F825890005BE565 /* Debug */ = {
			isa = XCBuildConfiguration;
			buildSettings = {
				ALWAYS_EMBED_SWIFT_STANDARD_LIBRARIES = YES;
				BUNDLE_LOADER = "$(TEST_HOST)";
				DEVELOPMENT_TEAM = MR965626L4;
				INFOPLIST_FILE = SecondKadaiAppTests/Info.plist;
				LD_RUNPATH_SEARCH_PATHS = "$(inherited) @executable_path/Frameworks @loader_path/Frameworks";
				PRODUCT_BUNDLE_IDENTIFIER = jp.dip.hamahoshi.SecondKadaiAppTests;
				PRODUCT_NAME = "$(TARGET_NAME)";
				SWIFT_VERSION = 3.0;
				TEST_HOST = "$(BUILT_PRODUCTS_DIR)/SecondKadaiApp.app/SecondKadaiApp";
			};
			name = Debug;
		};
		E156B9A31F825890005BE565 /* Release */ = {
			isa = XCBuildConfiguration;
			buildSettings = {
				ALWAYS_EMBED_SWIFT_STANDARD_LIBRARIES = YES;
				BUNDLE_LOADER = "$(TEST_HOST)";
				DEVELOPMENT_TEAM = MR965626L4;
				INFOPLIST_FILE = SecondKadaiAppTests/Info.plist;
				LD_RUNPATH_SEARCH_PATHS = "$(inherited) @executable_path/Frameworks @loader_path/Frameworks";
				PRODUCT_BUNDLE_IDENTIFIER = jp.dip.hamahoshi.SecondKadaiAppTests;
				PRODUCT_NAME = "$(TARGET_NAME)";
				SWIFT_VERSION = 3.0;
				TEST_HOST = "$(BUILT_PRODUCTS_DIR)/SecondKadaiApp.app/SecondKadaiApp";
			};
			name = Release;
		};
		E156B9A51F825890005BE565 /* Debug */ = {
			isa = XCBuildConfiguration;
			buildSettings = {
				ALWAYS_EMBED_SWIFT_STANDARD_LIBRARIES = YES;
				DEVELOPMENT_TEAM = MR965626L4;
				INFOPLIST_FILE = SecondKadaiAppUITests/Info.plist;
				LD_RUNPATH_SEARCH_PATHS = "$(inherited) @executable_path/Frameworks @loader_path/Frameworks";
				PRODUCT_BUNDLE_IDENTIFIER = jp.dip.hamahoshi.SecondKadaiAppUITests;
				PRODUCT_NAME = "$(TARGET_NAME)";
				SWIFT_VERSION = 3.0;
				TEST_TARGET_NAME = SecondKadaiApp;
			};
			name = Debug;
		};
		E156B9A61F825890005BE565 /* Release */ = {
			isa = XCBuildConfiguration;
			buildSettings = {
				ALWAYS_EMBED_SWIFT_STANDARD_LIBRARIES = YES;
				DEVELOPMENT_TEAM = MR965626L4;
				INFOPLIST_FILE = SecondKadaiAppUITests/Info.plist;
				LD_RUNPATH_SEARCH_PATHS = "$(inherited) @executable_path/Frameworks @loader_path/Frameworks";
				PRODUCT_BUNDLE_IDENTIFIER = jp.dip.hamahoshi.SecondKadaiAppUITests;
				PRODUCT_NAME = "$(TARGET_NAME)";
				SWIFT_VERSION = 3.0;
				TEST_TARGET_NAME = SecondKadaiApp;
			};
			name = Release;
		};
/* End XCBuildConfiguration section */

/* Begin XCConfigurationList section */
		E156B9711F825890005BE565 /* Build configuration list for PBXProject "SecondKadaiApp" */ = {
			isa = XCConfigurationList;
			buildConfigurations = (
				E156B99C1F825890005BE565 /* Debug */,
				E156B99D1F825890005BE565 /* Release */,
			);
			defaultConfigurationIsVisible = 0;
			defaultConfigurationName = Release;
		};
		E156B99E1F825890005BE565 /* Build configuration list for PBXNativeTarget "SecondKadaiApp" */ = {
			isa = XCConfigurationList;
			buildConfigurations = (
				E156B99F1F825890005BE565 /* Debug */,
				E156B9A01F825890005BE565 /* Release */,
			);
			defaultConfigurationIsVisible = 0;
		};
		E156B9A11F825890005BE565 /* Build configuration list for PBXNativeTarget "SecondKadaiAppTests" */ = {
			isa = XCConfigurationList;
			buildConfigurations = (
				E156B9A21F825890005BE565 /* Debug */,
				E156B9A31F825890005BE565 /* Release */,
			);
			defaultConfigurationIsVisible = 0;
		};
		E156B9A41F825890005BE565 /* Build configuration list for PBXNativeTarget "SecondKadaiAppUITests" */ = {
			isa = XCConfigurationList;
			buildConfigurations = (
				E156B9A51F825890005BE565 /* Debug */,
				E156B9A61F825890005BE565 /* Release */,
			);
			defaultConfigurationIsVisible = 0;
		};
/* End XCConfigurationList section */
	};
	rootObject = E156B96E1F825890005BE565 /* Project object */;
}
